
Microsoft Visual Studio Solution File, Format Version 12.00
# Visual Studio Version 17
VisualStudioVersion = 17.5.2.0
MinimumVisualStudioVersion = 10.0.40219.1
Project("{FAE04EC0-301F-11D3-BF4B-00C04F79EFBC}") = "TaxxorEditor", "TaxxorEditor.csproj", "{F431069A-485C-2413-1A4A-811175EA8C68}"
EndProject
Project("{FAE04EC0-301F-11D3-BF4B-00C04F79EFBC}") = "CustomerCodeInterface", "..\CustomerCodeInterface\CustomerCodeInterface.csproj", "{F9973E22-9247-4AA9-967E-6D09D12E64CC}"
EndProject
Project("{FAE04EC0-301F-11D3-BF4B-00C04F79EFBC}") = "GrpcServices", "..\GrpcServices\GrpcServices.csproj", "{0E679430-7240-4A01-B617-FD482B516E74}"
EndProject
Global
	GlobalSection(SolutionConfigurationPlatforms) = preSolution
		Debug|Any CPU = Debug|Any CPU
		Debug|x64 = Debug|x64
		Debug|x86 = Debug|x86
		Release|Any CPU = Release|Any CPU
		Release|x64 = Release|x64
		Release|x86 = Release|x86
	EndGlobalSection
	GlobalSection(ProjectConfigurationPlatforms) = postSolution
		{F431069A-485C-2413-1A4A-811175EA8C68}.Debug|Any CPU.ActiveCfg = Debug|Any CPU
		{F431069A-485C-2413-1A4A-811175EA8C68}.Debug|Any CPU.Build.0 = Debug|Any CPU
		{F431069A-485C-2413-1A4A-811175EA8C68}.Debug|x64.ActiveCfg = Debug|Any CPU
		{F431069A-485C-2413-1A4A-811175EA8C68}.Debug|x64.Build.0 = Debug|Any CPU
		{F431069A-485C-2413-1A4A-811175EA8C68}.Debug|x86.ActiveCfg = Debug|Any CPU
		{F431069A-485C-2413-1A4A-811175EA8C68}.Debug|x86.Build.0 = Debug|Any CPU
		{F431069A-485C-2413-1A4A-811175EA8C68}.Release|Any CPU.ActiveCfg = Release|Any CPU
		{F431069A-485C-2413-1A4A-811175EA8C68}.Release|Any CPU.Build.0 = Release|Any CPU
		{F431069A-485C-2413-1A4A-811175EA8C68}.Release|x64.ActiveCfg = Release|Any CPU
		{F431069A-485C-2413-1A4A-811175EA8C68}.Release|x64.Build.0 = Release|Any CPU
		{F431069A-485C-2413-1A4A-811175EA8C68}.Release|x86.ActiveCfg = Release|Any CPU
		{F431069A-485C-2413-1A4A-811175EA8C68}.Release|x86.Build.0 = Release|Any CPU
		{F9973E22-9247-4AA9-967E-6D09D12E64CC}.Debug|Any CPU.ActiveCfg = Debug|Any CPU
		{F9973E22-9247-4AA9-967E-6D09D12E64CC}.Debug|Any CPU.Build.0 = Debug|Any CPU
		{F9973E22-9247-4AA9-967E-6D09D12E64CC}.Debug|x64.ActiveCfg = Debug|Any CPU
		{F9973E22-9247-4AA9-967E-6D09D12E64CC}.Debug|x64.Build.0 = Debug|Any CPU
		{F9973E22-9247-4AA9-967E-6D09D12E64CC}.Debug|x86.ActiveCfg = Debug|Any CPU
		{F9973E22-9247-4AA9-967E-6D09D12E64CC}.Debug|x86.Build.0 = Debug|Any CPU
		{F9973E22-9247-4AA9-967E-6D09D12E64CC}.Release|Any CPU.ActiveCfg = Release|Any CPU
		{F9973E22-9247-4AA9-967E-6D09D12E64CC}.Release|Any CPU.Build.0 = Release|Any CPU
		{F9973E22-9247-4AA9-967E-6D09D12E64CC}.Release|x64.ActiveCfg = Release|Any CPU
		{F9973E22-9247-4AA9-967E-6D09D12E64CC}.Release|x64.Build.0 = Release|Any CPU
		{F9973E22-9247-4AA9-967E-6D09D12E64CC}.Release|x86.ActiveCfg = Release|Any CPU
		{F9973E22-9247-4AA9-967E-6D09D12E64CC}.Release|x86.Build.0 = Release|Any CPU
		{0E679430-7240-4A01-B617-FD482B516E74}.Debug|Any CPU.ActiveCfg = Debug|Any CPU
		{0E679430-7240-4A01-B617-FD482B516E74}.Debug|Any CPU.Build.0 = Debug|Any CPU
		{0E679430-7240-4A01-B617-FD482B516E74}.Debug|x64.ActiveCfg = Debug|Any CPU
		{0E679430-7240-4A01-B617-FD482B516E74}.Debug|x64.Build.0 = Debug|Any CPU
		{0E679430-7240-4A01-B617-FD482B516E74}.Debug|x86.ActiveCfg = Debug|Any CPU
		{0E679430-7240-4A01-B617-FD482B516E74}.Debug|x86.Build.0 = Debug|Any CPU
		{0E679430-7240-4A01-B617-FD482B516E74}.Release|Any CPU.ActiveCfg = Release|Any CPU
		{0E679430-7240-4A01-B617-FD482B516E74}.Release|Any CPU.Build.0 = Release|Any CPU
		{0E679430-7240-4A01-B617-FD482B516E74}.Release|x64.ActiveCfg = Release|Any CPU
		{0E679430-7240-4A01-B617-FD482B516E74}.Release|x64.Build.0 = Release|Any CPU
		{0E679430-7240-4A01-B617-FD482B516E74}.Release|x86.ActiveCfg = Release|Any CPU
		{0E679430-7240-4A01-B617-FD482B516E74}.Release|x86.Build.0 = Release|Any CPU
	EndGlobalSection
	GlobalSection(SolutionProperties) = preSolution
		HideSolutionNode = FALSE
	EndGlobalSection
	GlobalSection(ExtensibilityGlobals) = postSolution
		SolutionGuid = {5B9488BD-324F-4EE4-92FA-68B6C010DC9E}
	EndGlobalSection
EndGlobal
