
Microsoft Visual Studio Solution File, Format Version 12.00
# Visual Studio 2012
Project("{FAE04EC0-301F-11D3-BF4B-00C04F79EFBC}") = "TaxxorEditor", "TaxxorEditor\TaxxorEditor.csproj", "{6FEF677D-B4DE-4F3B-9152-0B46DC3A84D8}"
EndProject
Project("{FAE04EC0-301F-11D3-BF4B-00C04F79EFBC}") = "GrpcServices", "GrpcServices\GrpcServices.csproj", "{18B108C7-F48C-45C3-B5F1-F7B70A410D92}"
EndProject
Project("{FAE04EC0-301F-11D3-BF4B-00C04F79EFBC}") = "CustomerCodeInterface", "CustomerCodeInterface\CustomerCodeInterface.csproj", "{37E26878-42AF-4059-94BD-66E40B99C647}"
EndProject
Global
	GlobalSection(SolutionConfigurationPlatforms) = preSolution
		Debug|Any CPU = Debug|Any CPU
		Debug|x64 = Debug|x64
		Debug|x86 = Debug|x86
		Release|Any CPU = Release|Any CPU
		Release|x64 = Release|x64
		Release|x86 = Release|x86
	EndGlobalSection
	GlobalSection(ProjectConfigurationPlatforms) = postSolution
		{6FEF677D-B4DE-4F3B-9152-0B46DC3A84D8}.Debug|Any CPU.ActiveCfg = Debug|Any CPU
		{6FEF677D-B4DE-4F3B-9152-0B46DC3A84D8}.Debug|Any CPU.Build.0 = Debug|Any CPU
		{6FEF677D-B4DE-4F3B-9152-0B46DC3A84D8}.Debug|x64.ActiveCfg = Debug|Any CPU
		{6FEF677D-B4DE-4F3B-9152-0B46DC3A84D8}.Debug|x64.Build.0 = Debug|Any CPU
		{6FEF677D-B4DE-4F3B-9152-0B46DC3A84D8}.Debug|x86.ActiveCfg = Debug|Any CPU
		{6FEF677D-B4DE-4F3B-9152-0B46DC3A84D8}.Debug|x86.Build.0 = Debug|Any CPU
		{6FEF677D-B4DE-4F3B-9152-0B46DC3A84D8}.Release|Any CPU.ActiveCfg = Release|Any CPU
		{6FEF677D-B4DE-4F3B-9152-0B46DC3A84D8}.Release|Any CPU.Build.0 = Release|Any CPU
		{6FEF677D-B4DE-4F3B-9152-0B46DC3A84D8}.Release|x64.ActiveCfg = Release|Any CPU
		{6FEF677D-B4DE-4F3B-9152-0B46DC3A84D8}.Release|x64.Build.0 = Release|Any CPU
		{6FEF677D-B4DE-4F3B-9152-0B46DC3A84D8}.Release|x86.ActiveCfg = Release|Any CPU
		{6FEF677D-B4DE-4F3B-9152-0B46DC3A84D8}.Release|x86.Build.0 = Release|Any CPU
		{18B108C7-F48C-45C3-B5F1-F7B70A410D92}.Debug|Any CPU.ActiveCfg = Debug|Any CPU
		{18B108C7-F48C-45C3-B5F1-F7B70A410D92}.Debug|Any CPU.Build.0 = Debug|Any CPU
		{18B108C7-F48C-45C3-B5F1-F7B70A410D92}.Debug|x64.ActiveCfg = Debug|Any CPU
		{18B108C7-F48C-45C3-B5F1-F7B70A410D92}.Debug|x64.Build.0 = Debug|Any CPU
		{18B108C7-F48C-45C3-B5F1-F7B70A410D92}.Debug|x86.ActiveCfg = Debug|Any CPU
		{18B108C7-F48C-45C3-B5F1-F7B70A410D92}.Debug|x86.Build.0 = Debug|Any CPU
		{18B108C7-F48C-45C3-B5F1-F7B70A410D92}.Release|Any CPU.ActiveCfg = Release|Any CPU
		{18B108C7-F48C-45C3-B5F1-F7B70A410D92}.Release|Any CPU.Build.0 = Release|Any CPU
		{18B108C7-F48C-45C3-B5F1-F7B70A410D92}.Release|x64.ActiveCfg = Release|Any CPU
		{18B108C7-F48C-45C3-B5F1-F7B70A410D92}.Release|x64.Build.0 = Release|Any CPU
		{18B108C7-F48C-45C3-B5F1-F7B70A410D92}.Release|x86.ActiveCfg = Release|Any CPU
		{18B108C7-F48C-45C3-B5F1-F7B70A410D92}.Release|x86.Build.0 = Release|Any CPU
		{37E26878-42AF-4059-94BD-66E40B99C647}.Debug|Any CPU.ActiveCfg = Debug|Any CPU
		{37E26878-42AF-4059-94BD-66E40B99C647}.Debug|Any CPU.Build.0 = Debug|Any CPU
		{37E26878-42AF-4059-94BD-66E40B99C647}.Debug|x64.ActiveCfg = Debug|Any CPU
		{37E26878-42AF-4059-94BD-66E40B99C647}.Debug|x64.Build.0 = Debug|Any CPU
		{37E26878-42AF-4059-94BD-66E40B99C647}.Debug|x86.ActiveCfg = Debug|Any CPU
		{37E26878-42AF-4059-94BD-66E40B99C647}.Debug|x86.Build.0 = Debug|Any CPU
		{37E26878-42AF-4059-94BD-66E40B99C647}.Release|Any CPU.ActiveCfg = Release|Any CPU
		{37E26878-42AF-4059-94BD-66E40B99C647}.Release|Any CPU.Build.0 = Release|Any CPU
		{37E26878-42AF-4059-94BD-66E40B99C647}.Release|x64.ActiveCfg = Release|Any CPU
		{37E26878-42AF-4059-94BD-66E40B99C647}.Release|x64.Build.0 = Release|Any CPU
		{37E26878-42AF-4059-94BD-66E40B99C647}.Release|x86.ActiveCfg = Release|Any CPU
		{37E26878-42AF-4059-94BD-66E40B99C647}.Release|x86.Build.0 = Release|Any CPU
	EndGlobalSection
	GlobalSection(SolutionProperties) = preSolution
		HideSolutionNode = FALSE
	EndGlobalSection
EndGlobal
